
Microsoft Visual Studio Solution File, Format Version 12.00
# Visual Studio Version 17
VisualStudioVersion = 17.11.35208.52
MinimumVisualStudioVersion = 10.0.40219.1
Project("{FAE04EC0-301F-11D3-BF4B-00C04F79EFBC}") = "projeto 1", "projeto 1\projeto 1.csproj", "{6F2E3AF5-3B68-44BF-9E0E-8C0D459B2E92}"
EndProject
Global
	GlobalSection(SolutionConfigurationPlatforms) = preSolution
		Debug|Any CPU = Debug|Any CPU
		Release|Any CPU = Release|Any CPU
	EndGlobalSection
	GlobalSection(ProjectConfigurationPlatforms) = postSolution
		{6F2E3AF5-3B68-44BF-9E0E-8C0D459B2E92}.Debug|Any CPU.ActiveCfg = Debug|Any CPU
		{6F2E3AF5-3B68-44BF-9E0E-8C0D459B2E92}.Debug|Any CPU.Build.0 = Debug|Any CPU
		{6F2E3AF5-3B68-44BF-9E0E-8C0D459B2E92}.Release|Any CPU.ActiveCfg = Release|Any CPU
		{6F2E3AF5-3B68-44BF-9E0E-8C0D459B2E92}.Release|Any CPU.Build.0 = Release|Any CPU
	EndGlobalSection
	GlobalSection(SolutionProperties) = preSolution
		HideSolutionNode = FALSE
	EndGlobalSection
	GlobalSection(ExtensibilityGlobals) = postSolution
		SolutionGuid = {0AD27188-8156-45FA-9BC9-B458AEA2D374}
	EndGlobalSection
EndGlobal
